
Microsoft Visual Studio Solution File, Format Version 12.00
Project("{FAE04EC0-301F-11D3-BF4B-00C04F79EFBC}") = "ECHO.Ticket.Core", "ECHO.Ticket.Core\ECHO.Ticket.Core.csproj", "{25318DC6-C5C0-41DD-BA31-289CEB73290C}"
EndProject
Project("{FAE04EC0-301F-11D3-BF4B-00C04F79EFBC}") = "ECHO.Ticket.DataAccess", "ECHO.Ticket.DataAccess\ECHO.Ticket.DataAccess.csproj", "{CEECEE17-CE2C-4FBF-86BC-D6A80EF6F429}"
EndProject
Project("{FAE04EC0-301F-11D3-BF4B-00C04F79EFBC}") = "ECHO.Ticket.Business", "ECHO.Ticket.Business\ECHO.Ticket.Business.csproj", "{1922F184-7B54-4844-97BA-41291C273DAC}"
EndProject
Project("{FAE04EC0-301F-11D3-BF4B-00C04F79EFBC}") = "ECHO.Ticket.API", "ECHO.Ticket.API\ECHO.Ticket.API.csproj", "{4F49863C-0B42-401C-B0C7-F84C2091DEAD}"
EndProject
Project("{2150E333-8FDC-42A3-9474-1A3956D46DE8}") = "Src", "Src", "{C5DB17AC-2DB7-459D-BCD9-4AC20A221F5F}"
EndProject
Project("{2150E333-8FDC-42A3-9474-1A3956D46DE8}") = "Tests", "Tests", "{FAB5ED50-4007-4A0F-8AD8-4375106AEEDE}"
EndProject
Project("{FAE04EC0-301F-11D3-BF4B-00C04F79EFBC}") = "ECHO.Ticket.Tests", "ECHO.Ticket.Tests\ECHO.Ticket.Tests.csproj", "{D273CB55-8748-4C09-9A36-9AF62959BA09}"
EndProject
Global
	GlobalSection(SolutionConfigurationPlatforms) = preSolution
		Debug|Any CPU = Debug|Any CPU
		Release|Any CPU = Release|Any CPU
	EndGlobalSection
	GlobalSection(ProjectConfigurationPlatforms) = postSolution
		{25318DC6-C5C0-41DD-BA31-289CEB73290C}.Debug|Any CPU.ActiveCfg = Debug|Any CPU
		{25318DC6-C5C0-41DD-BA31-289CEB73290C}.Debug|Any CPU.Build.0 = Debug|Any CPU
		{25318DC6-C5C0-41DD-BA31-289CEB73290C}.Release|Any CPU.ActiveCfg = Release|Any CPU
		{25318DC6-C5C0-41DD-BA31-289CEB73290C}.Release|Any CPU.Build.0 = Release|Any CPU
		{CEECEE17-CE2C-4FBF-86BC-D6A80EF6F429}.Debug|Any CPU.ActiveCfg = Debug|Any CPU
		{CEECEE17-CE2C-4FBF-86BC-D6A80EF6F429}.Debug|Any CPU.Build.0 = Debug|Any CPU
		{CEECEE17-CE2C-4FBF-86BC-D6A80EF6F429}.Release|Any CPU.ActiveCfg = Release|Any CPU
		{CEECEE17-CE2C-4FBF-86BC-D6A80EF6F429}.Release|Any CPU.Build.0 = Release|Any CPU
		{1922F184-7B54-4844-97BA-41291C273DAC}.Debug|Any CPU.ActiveCfg = Debug|Any CPU
		{1922F184-7B54-4844-97BA-41291C273DAC}.Debug|Any CPU.Build.0 = Debug|Any CPU
		{1922F184-7B54-4844-97BA-41291C273DAC}.Release|Any CPU.ActiveCfg = Release|Any CPU
		{1922F184-7B54-4844-97BA-41291C273DAC}.Release|Any CPU.Build.0 = Release|Any CPU
		{4F49863C-0B42-401C-B0C7-F84C2091DEAD}.Debug|Any CPU.ActiveCfg = Debug|Any CPU
		{4F49863C-0B42-401C-B0C7-F84C2091DEAD}.Debug|Any CPU.Build.0 = Debug|Any CPU
		{4F49863C-0B42-401C-B0C7-F84C2091DEAD}.Release|Any CPU.ActiveCfg = Release|Any CPU
		{4F49863C-0B42-401C-B0C7-F84C2091DEAD}.Release|Any CPU.Build.0 = Release|Any CPU
		{D273CB55-8748-4C09-9A36-9AF62959BA09}.Debug|Any CPU.ActiveCfg = Debug|Any CPU
		{D273CB55-8748-4C09-9A36-9AF62959BA09}.Debug|Any CPU.Build.0 = Debug|Any CPU
		{D273CB55-8748-4C09-9A36-9AF62959BA09}.Release|Any CPU.ActiveCfg = Release|Any CPU
		{D273CB55-8748-4C09-9A36-9AF62959BA09}.Release|Any CPU.Build.0 = Release|Any CPU
	EndGlobalSection
	GlobalSection(NestedProjects) = preSolution
		{CEECEE17-CE2C-4FBF-86BC-D6A80EF6F429} = {C5DB17AC-2DB7-459D-BCD9-4AC20A221F5F}
		{25318DC6-C5C0-41DD-BA31-289CEB73290C} = {C5DB17AC-2DB7-459D-BCD9-4AC20A221F5F}
		{4F49863C-0B42-401C-B0C7-F84C2091DEAD} = {C5DB17AC-2DB7-459D-BCD9-4AC20A221F5F}
		{1922F184-7B54-4844-97BA-41291C273DAC} = {C5DB17AC-2DB7-459D-BCD9-4AC20A221F5F}
		{D273CB55-8748-4C09-9A36-9AF62959BA09} = {FAB5ED50-4007-4A0F-8AD8-4375106AEEDE}
	EndGlobalSection
EndGlobal
